// !$*UTF8*$!
{
	archiveVersion = 1;
	classes = {
	};
	objectVersion = 50;
	objects = {

/* Begin PBXBuildFile section */
		3E33FB512522870500166987 /* Starling_ShortcutsApp.swift in Sources */ = {isa = PBXBuildFile; fileRef = 3E33FB502522870500166987 /* Starling_ShortcutsApp.swift */; };
		3E33FB532522870500166987 /* ContentView.swift in Sources */ = {isa = PBXBuildFile; fileRef = 3E33FB522522870500166987 /* ContentView.swift */; };
		3E33FB552522870600166987 /* Assets.xcassets in Resources */ = {isa = PBXBuildFile; fileRef = 3E33FB542522870600166987 /* Assets.xcassets */; };
		3E33FB582522870700166987 /* Preview Assets.xcassets in Resources */ = {isa = PBXBuildFile; fileRef = 3E33FB572522870700166987 /* Preview Assets.xcassets */; };
		3E33FB612522873C00166987 /* Intents.intentdefinition in Sources */ = {isa = PBXBuildFile; fileRef = 3E33FB602522873C00166987 /* Intents.intentdefinition */; settings = {ATTRIBUTES = (no_codegen, ); }; };
		3E52113825268DA700FD62BF /* GetStatementIntentHandler.swift in Sources */ = {isa = PBXBuildFile; fileRef = 3E52113725268DA700FD62BF /* GetStatementIntentHandler.swift */; };
		3E67BB3A25239B4A001A2392 /* IntentHandler.swift in Sources */ = {isa = PBXBuildFile; fileRef = 3E67BB3925239B4A001A2392 /* IntentHandler.swift */; };
		3E67BB3E25239B4A001A2392 /* Starling Intents.appex in Embed App Extensions */ = {isa = PBXBuildFile; fileRef = 3E67BB3725239B4A001A2392 /* Starling Intents.appex */; settings = {ATTRIBUTES = (RemoveHeadersOnCopy, ); }; };
		3E67BB4525239BB3001A2392 /* GetTransactionIntentHandler.swift in Sources */ = {isa = PBXBuildFile; fileRef = 3E67BB4425239BB3001A2392 /* GetTransactionIntentHandler.swift */; };
		3E67BB4C25239C5E001A2392 /* Intents.intentdefinition in Sources */ = {isa = PBXBuildFile; fileRef = 3E33FB602522873C00166987 /* Intents.intentdefinition */; };
		3E67BB522523DF86001A2392 /* NetworkManager.swift in Sources */ = {isa = PBXBuildFile; fileRef = 3E67BB512523DF86001A2392 /* NetworkManager.swift */; };
		3E67BB572523DFBB001A2392 /* NetworkManager.swift in Sources */ = {isa = PBXBuildFile; fileRef = 3E67BB512523DF86001A2392 /* NetworkManager.swift */; };
		3E67BB712524EDC6001A2392 /* SetCardIntentHandler.swift in Sources */ = {isa = PBXBuildFile; fileRef = 3E67BB702524EDC6001A2392 /* SetCardIntentHandler.swift */; };
		3E67BB7625253002001A2392 /* Account.swift in Sources */ = {isa = PBXBuildFile; fileRef = 3E67BB7525253002001A2392 /* Account.swift */; };
		3E67BB7C2525300A001A2392 /* Transaction.swift in Sources */ = {isa = PBXBuildFile; fileRef = 3E67BB7B2525300A001A2392 /* Transaction.swift */; };
		3E67BB802525300E001A2392 /* Card.swift in Sources */ = {isa = PBXBuildFile; fileRef = 3E67BB7F2525300E001A2392 /* Card.swift */; };
		3E67BB8425253092001A2392 /* CurrencyAndAmount.swift in Sources */ = {isa = PBXBuildFile; fileRef = 3E67BB8325253092001A2392 /* CurrencyAndAmount.swift */; };
		3E67BB88252530CB001A2392 /* Starling.swift in Sources */ = {isa = PBXBuildFile; fileRef = 3E67BB87252530CB001A2392 /* Starling.swift */; };
		3E67BB8B252531E8001A2392 /* Transaction.swift in Sources */ = {isa = PBXBuildFile; fileRef = 3E67BB7B2525300A001A2392 /* Transaction.swift */; };
		3E67BB8C252531E8001A2392 /* Account.swift in Sources */ = {isa = PBXBuildFile; fileRef = 3E67BB7525253002001A2392 /* Account.swift */; };
		3E67BB8D252531E8001A2392 /* Card.swift in Sources */ = {isa = PBXBuildFile; fileRef = 3E67BB7F2525300E001A2392 /* Card.swift */; };
		3E67BB8E252531E8001A2392 /* CurrencyAndAmount.swift in Sources */ = {isa = PBXBuildFile; fileRef = 3E67BB8325253092001A2392 /* CurrencyAndAmount.swift */; };
		3E67BB91252531F5001A2392 /* Starling.swift in Sources */ = {isa = PBXBuildFile; fileRef = 3E67BB87252530CB001A2392 /* Starling.swift */; };
		3E67BB9F252633DC001A2392 /* PDFView.swift in Sources */ = {isa = PBXBuildFile; fileRef = 3E67BB9E252633DC001A2392 /* PDFView.swift */; };
		3ED53CC9255202C00087D2FE /* Secret.swift in Sources */ = {isa = PBXBuildFile; fileRef = 3ED53CC8255202C00087D2FE /* Secret.swift */; };
		3ED53CCE255203620087D2FE /* Secret.swift in Sources */ = {isa = PBXBuildFile; fileRef = 3ED53CC8255202C00087D2FE /* Secret.swift */; };
/* End PBXBuildFile section */

/* Begin PBXContainerItemProxy section */
		3E67BB3C25239B4A001A2392 /* PBXContainerItemProxy */ = {
			isa = PBXContainerItemProxy;
			containerPortal = 3E33FB452522870500166987 /* Project object */;
			proxyType = 1;
			remoteGlobalIDString = 3E67BB3625239B4A001A2392;
			remoteInfo = "Starling Intents";
		};
/* End PBXContainerItemProxy section */

/* Begin PBXCopyFilesBuildPhase section */
		3E67BB2C25239AEA001A2392 /* Embed App Extensions */ = {
			isa = PBXCopyFilesBuildPhase;
			buildActionMask = 2147483647;
			dstPath = "";
			dstSubfolderSpec = 13;
			files = (
				3E67BB3E25239B4A001A2392 /* Starling Intents.appex in Embed App Extensions */,
			);
			name = "Embed App Extensions";
			runOnlyForDeploymentPostprocessing = 0;
		};
/* End PBXCopyFilesBuildPhase section */

/* Begin PBXFileReference section */
		3E33FB4D2522870500166987 /* Starling Shortcuts.app */ = {isa = PBXFileReference; explicitFileType = wrapper.application; includeInIndex = 0; path = "Starling Shortcuts.app"; sourceTree = BUILT_PRODUCTS_DIR; };
		3E33FB502522870500166987 /* Starling_ShortcutsApp.swift */ = {isa = PBXFileReference; lastKnownFileType = sourcecode.swift; path = Starling_ShortcutsApp.swift; sourceTree = "<group>"; };
		3E33FB522522870500166987 /* ContentView.swift */ = {isa = PBXFileReference; lastKnownFileType = sourcecode.swift; path = ContentView.swift; sourceTree = "<group>"; };
		3E33FB542522870600166987 /* Assets.xcassets */ = {isa = PBXFileReference; lastKnownFileType = folder.assetcatalog; path = Assets.xcassets; sourceTree = "<group>"; };
		3E33FB572522870700166987 /* Preview Assets.xcassets */ = {isa = PBXFileReference; lastKnownFileType = folder.assetcatalog; path = "Preview Assets.xcassets"; sourceTree = "<group>"; };
		3E33FB592522870700166987 /* Info.plist */ = {isa = PBXFileReference; lastKnownFileType = text.plist.xml; path = Info.plist; sourceTree = "<group>"; };
		3E33FB602522873C00166987 /* Intents.intentdefinition */ = {isa = PBXFileReference; lastKnownFileType = file.intentdefinition; path = Intents.intentdefinition; sourceTree = "<group>"; };
		3E52113725268DA700FD62BF /* GetStatementIntentHandler.swift */ = {isa = PBXFileReference; lastKnownFileType = sourcecode.swift; path = GetStatementIntentHandler.swift; sourceTree = "<group>"; };
		3E67BB3725239B4A001A2392 /* Starling Intents.appex */ = {isa = PBXFileReference; explicitFileType = "wrapper.app-extension"; includeInIndex = 0; path = "Starling Intents.appex"; sourceTree = BUILT_PRODUCTS_DIR; };
		3E67BB3925239B4A001A2392 /* IntentHandler.swift */ = {isa = PBXFileReference; lastKnownFileType = sourcecode.swift; path = IntentHandler.swift; sourceTree = "<group>"; };
		3E67BB3B25239B4A001A2392 /* Info.plist */ = {isa = PBXFileReference; lastKnownFileType = text.plist.xml; path = Info.plist; sourceTree = "<group>"; };
		3E67BB4425239BB3001A2392 /* GetTransactionIntentHandler.swift */ = {isa = PBXFileReference; lastKnownFileType = sourcecode.swift; path = GetTransactionIntentHandler.swift; sourceTree = "<group>"; };
		3E67BB512523DF86001A2392 /* NetworkManager.swift */ = {isa = PBXFileReference; lastKnownFileType = sourcecode.swift; path = NetworkManager.swift; sourceTree = "<group>"; };
		3E67BB702524EDC6001A2392 /* SetCardIntentHandler.swift */ = {isa = PBXFileReference; lastKnownFileType = sourcecode.swift; path = SetCardIntentHandler.swift; sourceTree = "<group>"; };
		3E67BB7525253002001A2392 /* Account.swift */ = {isa = PBXFileReference; lastKnownFileType = sourcecode.swift; path = Account.swift; sourceTree = "<group>"; };
		3E67BB7B2525300A001A2392 /* Transaction.swift */ = {isa = PBXFileReference; lastKnownFileType = sourcecode.swift; path = Transaction.swift; sourceTree = "<group>"; };
		3E67BB7F2525300E001A2392 /* Card.swift */ = {isa = PBXFileReference; lastKnownFileType = sourcecode.swift; path = Card.swift; sourceTree = "<group>"; };
		3E67BB8325253092001A2392 /* CurrencyAndAmount.swift */ = {isa = PBXFileReference; lastKnownFileType = sourcecode.swift; path = CurrencyAndAmount.swift; sourceTree = "<group>"; };
		3E67BB87252530CB001A2392 /* Starling.swift */ = {isa = PBXFileReference; lastKnownFileType = sourcecode.swift; path = Starling.swift; sourceTree = "<group>"; };
		3E67BB9E252633DC001A2392 /* PDFView.swift */ = {isa = PBXFileReference; lastKnownFileType = sourcecode.swift; path = PDFView.swift; sourceTree = "<group>"; };
		3ED53CC8255202C00087D2FE /* Secret.swift */ = {isa = PBXFileReference; lastKnownFileType = sourcecode.swift; path = Secret.swift; sourceTree = "<group>"; };
/* End PBXFileReference section */

/* Begin PBXFrameworksBuildPhase section */
		3E33FB4A2522870500166987 /* Frameworks */ = {
			isa = PBXFrameworksBuildPhase;
			buildActionMask = 2147483647;
			files = (
			);
			runOnlyForDeploymentPostprocessing = 0;
		};
		3E67BB3425239B4A001A2392 /* Frameworks */ = {
			isa = PBXFrameworksBuildPhase;
			buildActionMask = 2147483647;
			files = (
			);
			runOnlyForDeploymentPostprocessing = 0;
		};
/* End PBXFrameworksBuildPhase section */

/* Begin PBXGroup section */
		3E33FB442522870500166987 = {
			isa = PBXGroup;
			children = (
				3E33FB4F2522870500166987 /* Starling Shortcuts */,
				3E67BB3825239B4A001A2392 /* Starling Intents */,
				3E33FB4E2522870500166987 /* Products */,
			);
			sourceTree = "<group>";
		};
		3E33FB4E2522870500166987 /* Products */ = {
			isa = PBXGroup;
			children = (
				3E33FB4D2522870500166987 /* Starling Shortcuts.app */,
				3E67BB3725239B4A001A2392 /* Starling Intents.appex */,
			);
			name = Products;
			sourceTree = "<group>";
		};
		3E33FB4F2522870500166987 /* Starling Shortcuts */ = {
			isa = PBXGroup;
			children = (
				3E33FB502522870500166987 /* Starling_ShortcutsApp.swift */,
				3E33FB522522870500166987 /* ContentView.swift */,
				3E67BB9E252633DC001A2392 /* PDFView.swift */,
				3E67BB512523DF86001A2392 /* NetworkManager.swift */,
				3ED53CC8255202C00087D2FE /* Secret.swift */,
				3E67BB87252530CB001A2392 /* Starling.swift */,
				3E33FB602522873C00166987 /* Intents.intentdefinition */,
				3E67BB7425252FF7001A2392 /* Models */,
				3E33FB542522870600166987 /* Assets.xcassets */,
				3E33FB592522870700166987 /* Info.plist */,
				3E33FB562522870700166987 /* Preview Content */,
			);
			path = "Starling Shortcuts";
			sourceTree = "<group>";
		};
		3E33FB562522870700166987 /* Preview Content */ = {
			isa = PBXGroup;
			children = (
				3E33FB572522870700166987 /* Preview Assets.xcassets */,
			);
			path = "Preview Content";
			sourceTree = "<group>";
		};
		3E67BB3825239B4A001A2392 /* Starling Intents */ = {
			isa = PBXGroup;
			children = (
				3E67BB3925239B4A001A2392 /* IntentHandler.swift */,
				3E67BB4425239BB3001A2392 /* GetTransactionIntentHandler.swift */,
				3E67BB702524EDC6001A2392 /* SetCardIntentHandler.swift */,
				3E52113725268DA700FD62BF /* GetStatementIntentHandler.swift */,
				3E67BB3B25239B4A001A2392 /* Info.plist */,
			);
			path = "Starling Intents";
			sourceTree = "<group>";
		};
		3E67BB7425252FF7001A2392 /* Models */ = {
			isa = PBXGroup;
			children = (
				3E67BB7525253002001A2392 /* Account.swift */,
				3E67BB7B2525300A001A2392 /* Transaction.swift */,
				3E67BB7F2525300E001A2392 /* Card.swift */,
				3E67BB8325253092001A2392 /* CurrencyAndAmount.swift */,
			);
			path = Models;
			sourceTree = "<group>";
		};
/* End PBXGroup section */

/* Begin PBXNativeTarget section */
		3E33FB4C2522870500166987 /* Starling Shortcuts */ = {
			isa = PBXNativeTarget;
			buildConfigurationList = 3E33FB5C2522870700166987 /* Build configuration list for PBXNativeTarget "Starling Shortcuts" */;
			buildPhases = (
				3E33FB492522870500166987 /* Sources */,
				3E33FB4A2522870500166987 /* Frameworks */,
				3E33FB4B2522870500166987 /* Resources */,
				3E67BB2C25239AEA001A2392 /* Embed App Extensions */,
			);
			buildRules = (
			);
			dependencies = (
				3E67BB3D25239B4A001A2392 /* PBXTargetDependency */,
			);
			name = "Starling Shortcuts";
			productName = "Starling Shortcuts";
			productReference = 3E33FB4D2522870500166987 /* Starling Shortcuts.app */;
			productType = "com.apple.product-type.application";
		};
		3E67BB3625239B4A001A2392 /* Starling Intents */ = {
			isa = PBXNativeTarget;
			buildConfigurationList = 3E67BB3F25239B4A001A2392 /* Build configuration list for PBXNativeTarget "Starling Intents" */;
			buildPhases = (
				3E67BB3325239B4A001A2392 /* Sources */,
				3E67BB3425239B4A001A2392 /* Frameworks */,
				3E67BB3525239B4A001A2392 /* Resources */,
			);
			buildRules = (
			);
			dependencies = (
			);
			name = "Starling Intents";
			productName = "Starling Intents";
			productReference = 3E67BB3725239B4A001A2392 /* Starling Intents.appex */;
			productType = "com.apple.product-type.app-extension";
		};
/* End PBXNativeTarget section */

/* Begin PBXProject section */
		3E33FB452522870500166987 /* Project object */ = {
			isa = PBXProject;
			attributes = {
				LastSwiftUpdateCheck = 1200;
				LastUpgradeCheck = 1200;
				TargetAttributes = {
					3E33FB4C2522870500166987 = {
						CreatedOnToolsVersion = 12.0;
					};
					3E67BB3625239B4A001A2392 = {
						CreatedOnToolsVersion = 12.0;
					};
				};
			};
			buildConfigurationList = 3E33FB482522870500166987 /* Build configuration list for PBXProject "Starling Shortcuts" */;
			compatibilityVersion = "Xcode 9.3";
			developmentRegion = en;
			hasScannedForEncodings = 0;
			knownRegions = (
				en,
				Base,
			);
			mainGroup = 3E33FB442522870500166987;
			productRefGroup = 3E33FB4E2522870500166987 /* Products */;
			projectDirPath = "";
			projectRoot = "";
			targets = (
				3E33FB4C2522870500166987 /* Starling Shortcuts */,
				3E67BB3625239B4A001A2392 /* Starling Intents */,
			);
		};
/* End PBXProject section */

/* Begin PBXResourcesBuildPhase section */
		3E33FB4B2522870500166987 /* Resources */ = {
			isa = PBXResourcesBuildPhase;
			buildActionMask = 2147483647;
			files = (
				3E33FB582522870700166987 /* Preview Assets.xcassets in Resources */,
				3E33FB552522870600166987 /* Assets.xcassets in Resources */,
			);
			runOnlyForDeploymentPostprocessing = 0;
		};
		3E67BB3525239B4A001A2392 /* Resources */ = {
			isa = PBXResourcesBuildPhase;
			buildActionMask = 2147483647;
			files = (
			);
			runOnlyForDeploymentPostprocessing = 0;
		};
/* End PBXResourcesBuildPhase section */

/* Begin PBXSourcesBuildPhase section */
		3E33FB492522870500166987 /* Sources */ = {
			isa = PBXSourcesBuildPhase;
			buildActionMask = 2147483647;
			files = (
				3E67BB7625253002001A2392 /* Account.swift in Sources */,
				3ED53CC9255202C00087D2FE /* Secret.swift in Sources */,
				3E67BB522523DF86001A2392 /* NetworkManager.swift in Sources */,
				3E67BB802525300E001A2392 /* Card.swift in Sources */,
				3E67BB7C2525300A001A2392 /* Transaction.swift in Sources */,
				3E67BB88252530CB001A2392 /* Starling.swift in Sources */,
				3E67BB8425253092001A2392 /* CurrencyAndAmount.swift in Sources */,
				3E33FB612522873C00166987 /* Intents.intentdefinition in Sources */,
				3E33FB532522870500166987 /* ContentView.swift in Sources */,
				3E33FB512522870500166987 /* Starling_ShortcutsApp.swift in Sources */,
				3E67BB9F252633DC001A2392 /* PDFView.swift in Sources */,
			);
			runOnlyForDeploymentPostprocessing = 0;
		};
		3E67BB3325239B4A001A2392 /* Sources */ = {
			isa = PBXSourcesBuildPhase;
			buildActionMask = 2147483647;
			files = (
				3E52113825268DA700FD62BF /* GetStatementIntentHandler.swift in Sources */,
				3ED53CCE255203620087D2FE /* Secret.swift in Sources */,
				3E67BB712524EDC6001A2392 /* SetCardIntentHandler.swift in Sources */,
				3E67BB572523DFBB001A2392 /* NetworkManager.swift in Sources */,
				3E67BB8B252531E8001A2392 /* Transaction.swift in Sources */,
				3E67BB8E252531E8001A2392 /* CurrencyAndAmount.swift in Sources */,
				3E67BB4C25239C5E001A2392 /* Intents.intentdefinition in Sources */,
				3E67BB4525239BB3001A2392 /* GetTransactionIntentHandler.swift in Sources */,
				3E67BB3A25239B4A001A2392 /* IntentHandler.swift in Sources */,
				3E67BB8C252531E8001A2392 /* Account.swift in Sources */,
				3E67BB8D252531E8001A2392 /* Card.swift in Sources */,
				3E67BB91252531F5001A2392 /* Starling.swift in Sources */,
			);
			runOnlyForDeploymentPostprocessing = 0;
		};
/* End PBXSourcesBuildPhase section */

/* Begin PBXTargetDependency section */
		3E67BB3D25239B4A001A2392 /* PBXTargetDependency */ = {
			isa = PBXTargetDependency;
			target = 3E67BB3625239B4A001A2392 /* Starling Intents */;
			targetProxy = 3E67BB3C25239B4A001A2392 /* PBXContainerItemProxy */;
		};
/* End PBXTargetDependency section */

/* Begin XCBuildConfiguration section */
		3E33FB5A2522870700166987 /* Debug */ = {
			isa = XCBuildConfiguration;
			buildSettings = {
				ALWAYS_SEARCH_USER_PATHS = NO;
				CLANG_ANALYZER_NONNULL = YES;
				CLANG_ANALYZER_NUMBER_OBJECT_CONVERSION = YES_AGGRESSIVE;
				CLANG_CXX_LANGUAGE_STANDARD = "gnu++14";
				CLANG_CXX_LIBRARY = "libc++";
				CLANG_ENABLE_MODULES = YES;
				CLANG_ENABLE_OBJC_ARC = YES;
				CLANG_ENABLE_OBJC_WEAK = YES;
				CLANG_WARN_BLOCK_CAPTURE_AUTORELEASING = YES;
				CLANG_WARN_BOOL_CONVERSION = YES;
				CLANG_WARN_COMMA = YES;
				CLANG_WARN_CONSTANT_CONVERSION = YES;
				CLANG_WARN_DEPRECATED_OBJC_IMPLEMENTATIONS = YES;
				CLANG_WARN_DIRECT_OBJC_ISA_USAGE = YES_ERROR;
				CLANG_WARN_DOCUMENTATION_COMMENTS = YES;
				CLANG_WARN_EMPTY_BODY = YES;
				CLANG_WARN_ENUM_CONVERSION = YES;
				CLANG_WARN_INFINITE_RECURSION = YES;
				CLANG_WARN_INT_CONVERSION = YES;
				CLANG_WARN_NON_LITERAL_NULL_CONVERSION = YES;
				CLANG_WARN_OBJC_IMPLICIT_RETAIN_SELF = YES;
				CLANG_WARN_OBJC_LITERAL_CONVERSION = YES;
				CLANG_WARN_OBJC_ROOT_CLASS = YES_ERROR;
				CLANG_WARN_QUOTED_INCLUDE_IN_FRAMEWORK_HEADER = YES;
				CLANG_WARN_RANGE_LOOP_ANALYSIS = YES;
				CLANG_WARN_STRICT_PROTOTYPES = YES;
				CLANG_WARN_SUSPICIOUS_MOVE = YES;
				CLANG_WARN_UNGUARDED_AVAILABILITY = YES_AGGRESSIVE;
				CLANG_WARN_UNREACHABLE_CODE = YES;
				CLANG_WARN__DUPLICATE_METHOD_MATCH = YES;
				COPY_PHASE_STRIP = NO;
				DEBUG_INFORMATION_FORMAT = dwarf;
				ENABLE_STRICT_OBJC_MSGSEND = YES;
				ENABLE_TESTABILITY = YES;
				GCC_C_LANGUAGE_STANDARD = gnu11;
				GCC_DYNAMIC_NO_PIC = NO;
				GCC_NO_COMMON_BLOCKS = YES;
				GCC_OPTIMIZATION_LEVEL = 0;
				GCC_PREPROCESSOR_DEFINITIONS = (
					"DEBUG=1",
					"$(inherited)",
				);
				GCC_WARN_64_TO_32_BIT_CONVERSION = YES;
				GCC_WARN_ABOUT_RETURN_TYPE = YES_ERROR;
				GCC_WARN_UNDECLARED_SELECTOR = YES;
				GCC_WARN_UNINITIALIZED_AUTOS = YES_AGGRESSIVE;
				GCC_WARN_UNUSED_FUNCTION = YES;
				GCC_WARN_UNUSED_VARIABLE = YES;
				IPHONEOS_DEPLOYMENT_TARGET = 14.0;
				MTL_ENABLE_DEBUG_INFO = INCLUDE_SOURCE;
				MTL_FAST_MATH = YES;
				ONLY_ACTIVE_ARCH = YES;
				SDKROOT = iphoneos;
				SWIFT_ACTIVE_COMPILATION_CONDITIONS = DEBUG;
				SWIFT_OPTIMIZATION_LEVEL = "-Onone";
			};
			name = Debug;
		};
		3E33FB5B2522870700166987 /* Release */ = {
			isa = XCBuildConfiguration;
			buildSettings = {
				ALWAYS_SEARCH_USER_PATHS = NO;
				CLANG_ANALYZER_NONNULL = YES;
				CLANG_ANALYZER_NUMBER_OBJECT_CONVERSION = YES_AGGRESSIVE;
				CLANG_CXX_LANGUAGE_STANDARD = "gnu++14";
				CLANG_CXX_LIBRARY = "libc++";
				CLANG_ENABLE_MODULES = YES;
				CLANG_ENABLE_OBJC_ARC = YES;
				CLANG_ENABLE_OBJC_WEAK = YES;
				CLANG_WARN_BLOCK_CAPTURE_AUTORELEASING = YES;
				CLANG_WARN_BOOL_CONVERSION = YES;
				CLANG_WARN_COMMA = YES;
				CLANG_WARN_CONSTANT_CONVERSION = YES;
				CLANG_WARN_DEPRECATED_OBJC_IMPLEMENTATIONS = YES;
				CLANG_WARN_DIRECT_OBJC_ISA_USAGE = YES_ERROR;
				CLANG_WARN_DOCUMENTATION_COMMENTS = YES;
				CLANG_WARN_EMPTY_BODY = YES;
				CLANG_WARN_ENUM_CONVERSION = YES;
				CLANG_WARN_INFINITE_RECURSION = YES;
				CLANG_WARN_INT_CONVERSION = YES;
				CLANG_WARN_NON_LITERAL_NULL_CONVERSION = YES;
				CLANG_WARN_OBJC_IMPLICIT_RETAIN_SELF = YES;
				CLANG_WARN_OBJC_LITERAL_CONVERSION = YES;
				CLANG_WARN_OBJC_ROOT_CLASS = YES_ERROR;
				CLANG_WARN_QUOTED_INCLUDE_IN_FRAMEWORK_HEADER = YES;
				CLANG_WARN_RANGE_LOOP_ANALYSIS = YES;
				CLANG_WARN_STRICT_PROTOTYPES = YES;
				CLANG_WARN_SUSPICIOUS_MOVE = YES;
				CLANG_WARN_UNGUARDED_AVAILABILITY = YES_AGGRESSIVE;
				CLANG_WARN_UNREACHABLE_CODE = YES;
				CLANG_WARN__DUPLICATE_METHOD_MATCH = YES;
				COPY_PHASE_STRIP = NO;
				DEBUG_INFORMATION_FORMAT = "dwarf-with-dsym";
				ENABLE_NS_ASSERTIONS = NO;
				ENABLE_STRICT_OBJC_MSGSEND = YES;
				GCC_C_LANGUAGE_STANDARD = gnu11;
				GCC_NO_COMMON_BLOCKS = YES;
				GCC_WARN_64_TO_32_BIT_CONVERSION = YES;
				GCC_WARN_ABOUT_RETURN_TYPE = YES_ERROR;
				GCC_WARN_UNDECLARED_SELECTOR = YES;
				GCC_WARN_UNINITIALIZED_AUTOS = YES_AGGRESSIVE;
				GCC_WARN_UNUSED_FUNCTION = YES;
				GCC_WARN_UNUSED_VARIABLE = YES;
				IPHONEOS_DEPLOYMENT_TARGET = 14.0;
				MTL_ENABLE_DEBUG_INFO = NO;
				MTL_FAST_MATH = YES;
				SDKROOT = iphoneos;
				SWIFT_COMPILATION_MODE = wholemodule;
				SWIFT_OPTIMIZATION_LEVEL = "-O";
				VALIDATE_PRODUCT = YES;
			};
			name = Release;
		};
		3E33FB5D2522870700166987 /* Debug */ = {
			isa = XCBuildConfiguration;
			buildSettings = {
				ALWAYS_EMBED_SWIFT_STANDARD_LIBRARIES = YES;
				ASSETCATALOG_COMPILER_APPICON_NAME = AppIcon;
				ASSETCATALOG_COMPILER_GLOBAL_ACCENT_COLOR_NAME = AccentColor;
				CODE_SIGN_STYLE = Automatic;
				DEVELOPMENT_ASSET_PATHS = "\"Starling Shortcuts/Preview Content\"";
				DEVELOPMENT_TEAM = EV37RCF267;
				ENABLE_PREVIEWS = YES;
				INFOPLIST_FILE = "Starling Shortcuts/Info.plist";
				IPHONEOS_DEPLOYMENT_TARGET = 14.0;
				LD_RUNPATH_SEARCH_PATHS = (
					"$(inherited)",
					"@executable_path/Frameworks",
				);
				PRODUCT_BUNDLE_IDENTIFIER = "com.glenagon.Starling-Shortcuts";
				PRODUCT_NAME = "$(TARGET_NAME)";
				SWIFT_VERSION = 5.0;
				TARGETED_DEVICE_FAMILY = "1,2";
			};
			name = Debug;
		};
		3E33FB5E2522870700166987 /* Release */ = {
			isa = XCBuildConfiguration;
			buildSettings = {
				ALWAYS_EMBED_SWIFT_STANDARD_LIBRARIES = YES;
				ASSETCATALOG_COMPILER_APPICON_NAME = AppIcon;
				ASSETCATALOG_COMPILER_GLOBAL_ACCENT_COLOR_NAME = AccentColor;
				CODE_SIGN_STYLE = Automatic;
				DEVELOPMENT_ASSET_PATHS = "\"Starling Shortcuts/Preview Content\"";
				DEVELOPMENT_TEAM = EV37RCF267;
				ENABLE_PREVIEWS = YES;
				INFOPLIST_FILE = "Starling Shortcuts/Info.plist";
				IPHONEOS_DEPLOYMENT_TARGET = 14.0;
				LD_RUNPATH_SEARCH_PATHS = (
					"$(inherited)",
					"@executable_path/Frameworks",
				);
				PRODUCT_BUNDLE_IDENTIFIER = "com.glenagon.Starling-Shortcuts";
				PRODUCT_NAME = "$(TARGET_NAME)";
				SWIFT_VERSION = 5.0;
				TARGETED_DEVICE_FAMILY = "1,2";
			};
			name = Release;
		};
		3E67BB4025239B4A001A2392 /* Debug */ = {
			isa = XCBuildConfiguration;
			buildSettings = {
				CODE_SIGN_STYLE = Automatic;
				DEVELOPMENT_TEAM = EV37RCF267;
				INFOPLIST_FILE = "Starling Intents/Info.plist";
				LD_RUNPATH_SEARCH_PATHS = (
					"$(inherited)",
					"@executable_path/Frameworks",
					"@executable_path/../../Frameworks",
				);
				OTHER_SWIFT_FLAGS = "-Xfrontend -warn-long-expression-type-checking=500 -Xfrontend -warn-long-function-bodies=500";
				PRODUCT_BUNDLE_IDENTIFIER = "com.glenagon.Starling-Shortcuts.Starling-Intents";
				PRODUCT_NAME = "$(TARGET_NAME)";
				SKIP_INSTALL = YES;
				SWIFT_VERSION = 5.0;
				TARGETED_DEVICE_FAMILY = "1,2";
			};
			name = Debug;
		};
		3E67BB4125239B4A001A2392 /* Release */ = {
			isa = XCBuildConfiguration;
			buildSettings = {
				CODE_SIGN_STYLE = Automatic;
				DEVELOPMENT_TEAM = EV37RCF267;
				INFOPLIST_FILE = "Starling Intents/Info.plist";
				LD_RUNPATH_SEARCH_PATHS = (
					"$(inherited)",
					"@executable_path/Frameworks",
					"@executable_path/../../Frameworks",
				);
				PRODUCT_BUNDLE_IDENTIFIER = "com.glenagon.Starling-Shortcuts.Starling-Intents";
				PRODUCT_NAME = "$(TARGET_NAME)";
				SKIP_INSTALL = YES;
				SWIFT_VERSION = 5.0;
				TARGETED_DEVICE_FAMILY = "1,2";
			};
			name = Release;
		};
/* End XCBuildConfiguration section */

/* Begin XCConfigurationList section */
		3E33FB482522870500166987 /* Build configuration list for PBXProject "Starling Shortcuts" */ = {
			isa = XCConfigurationList;
			buildConfigurations = (
				3E33FB5A2522870700166987 /* Debug */,
				3E33FB5B2522870700166987 /* Release */,
			);
			defaultConfigurationIsVisible = 0;
			defaultConfigurationName = Release;
		};
		3E33FB5C2522870700166987 /* Build configuration list for PBXNativeTarget "Starling Shortcuts" */ = {
			isa = XCConfigurationList;
			buildConfigurations = (
				3E33FB5D2522870700166987 /* Debug */,
				3E33FB5E2522870700166987 /* Release */,
			);
			defaultConfigurationIsVisible = 0;
			defaultConfigurationName = Release;
		};
		3E67BB3F25239B4A001A2392 /* Build configuration list for PBXNativeTarget "Starling Intents" */ = {
			isa = XCConfigurationList;
			buildConfigurations = (
				3E67BB4025239B4A001A2392 /* Debug */,
				3E67BB4125239B4A001A2392 /* Release */,
			);
			defaultConfigurationIsVisible = 0;
			defaultConfigurationName = Release;
		};
/* End XCConfigurationList section */
	};
	rootObject = 3E33FB452522870500166987 /* Project object */;
}
